<?xml version="1.0" encoding="utf-8"?>
<Project ToolsVersion="4.0" xmlns="http://schemas.microsoft.com/developer/msbuild/2003">
  <ItemGroup>
    <Filter Include="Source Files">
      <UniqueIdentifier>{4FC737F1-C7A5-4376-A066-2A32D752A2FF}</UniqueIdentifier>
      <Extensions>cpp;c;cc;cxx;def;odl;idl;hpj;bat;asm;asmx</Extensions>
    </Filter>
    <Filter Include="Header Files">
      <UniqueIdentifier>{93995380-89BD-4b04-88EB-625FBE52EBFB}</UniqueIdentifier>
      <Extensions>h;hh;hpp;hxx;hm;inl;inc;ipp;xsd</Extensions>
    </Filter>
    <Filter Include="Resource Files">
      <UniqueIdentifier>{67DA6AB6-F800-4c08-8B7A-83BB121AAD01}</UniqueIdentifier>
      <Extensions>rc;ico;cur;bmp;dlg;rc2;rct;bin;rgs;gif;jpg;jpeg;jpe;resx;tiff;tif;png;wav;mfcribbon-ms</Extensions>
    </Filter>
    <Filter Include="Header Files\Storage Types">
      <UniqueIdentifier>{184294c0-3b93-4ab6-94d2-a64cb1ccf721}</UniqueIdentifier>
    </Filter>
    <Filter Include="Header Files\Game Files">
      <UniqueIdentifier>{19f16fa1-78e9-470e-8e76-dd5dab8153ce}</UniqueIdentifier>
    </Filter>
    <Filter Include="Header Files\Misc Files">
      <UniqueIdentifier>{8c089a24-1e78-460b-9da9-e6780aa22c59}</UniqueIdentifier>
    </Filter>
    <Filter Include="Source Files\Game Files">
      <UniqueIdentifier>{78216399-609c-4358-b2ab-0e29c5ab271a}</UniqueIdentifier>
    </Filter>
  </ItemGroup>
  <ItemGroup>
    <ClInclude Include="MySwap.h">
      <Filter>Header Files</Filter>
    </ClInclude>
    <ClInclude Include="Array.h">
      <Filter>Header Files\Storage Types</Filter>
    </ClInclude>
    <ClInclude Include="LinkedList.h">
      <Filter>Header Files\Storage Types</Filter>
    </ClInclude>
    <ClInclude Include="LStack.h">
      <Filter>Header Files\Storage Types</Filter>
    </ClInclude>
    <ClInclude Include="Node.h">
      <Filter>Header Files\Storage Types</Filter>
    </ClInclude>
    <ClInclude Include="Stack.h">
      <Filter>Header Files\Storage Types</Filter>
    </ClInclude>
    <ClInclude Include="card.h">
      <Filter>Header Files\Game Files</Filter>
    </ClInclude>
    <ClInclude Include="deck.h">
      <Filter>Header Files\Game Files</Filter>
    </ClInclude>
    <ClInclude Include="Freecell.h">
      <Filter>Header Files\Game Files</Filter>
    </ClInclude>
    <ClInclude Include="Exception.h">
      <Filter>Header Files\Misc Files</Filter>
    </ClInclude>
    <ClInclude Include="WDManager.h">
      <Filter>Header Files\Game Files</Filter>
    </ClInclude>
    <ClInclude Include="DrawableObj.h">
      <Filter>Header Files\Game Files</Filter>
    </ClInclude>
    <ClInclude Include="GroupObj.h">
      <Filter>Header Files\Game Files</Filter>
    </ClInclude>
    <ClInclude Include="FreeCellResources.h">
      <Filter>Header Files\Game Files</Filter>
    </ClInclude>
  </ItemGroup>
  <ItemGroup>
    <ClCompile Include="Exception.cpp">
      <Filter>Source Files</Filter>
    </ClCompile>
    <ClCompile Include="Lab3testing.cpp">
      <Filter>Source Files</Filter>
    </ClCompile>
    <ClCompile Include="card.cpp">
      <Filter>Source Files\Game Files</Filter>
    </ClCompile>
    <ClCompile Include="deck.cpp">
      <Filter>Source Files\Game Files</Filter>
    </ClCompile>
    <ClCompile Include="Freecell.cpp">
      <Filter>Source Files\Game Files</Filter>
    </ClCompile>
    <ClCompile Include="WDManager.cpp">
      <Filter>Source Files\Game Files</Filter>
    </ClCompile>
    <ClCompile Include="GroupObj.cpp">
      <Filter>Source Files\Game Files</Filter>
    </ClCompile>
    <ClCompile Include="DrawableObj.cpp">
      <Filter>Source Files\Game Files</Filter>
    </ClCompile>
  </ItemGroup>
</Project>